// !$*UTF8*$!
{
	archiveVersion = 1;
	classes = {
	};
	objectVersion = 55;
	objects = {

/* Begin PBXBuildFile section */
		A1164FB826F00A79005816EB /* NormalVC.swift in Sources */ = {isa = PBXBuildFile; fileRef = A1164FB726F00A79005816EB /* NormalVC.swift */; };
		A14FD1BA275AAF9A0069BC88 /* test2021.json in Resources */ = {isa = PBXBuildFile; fileRef = A14FD1B9275AAF9A0069BC88 /* test2021.json */; };
		A14FD1BC275AB3100069BC88 /* JsonTestDocument1.json in Resources */ = {isa = PBXBuildFile; fileRef = A14FD1BB275AB3100069BC88 /* JsonTestDocument1.json */; };
		A18A6B1126EFA7CD004A8F36 /* AppDelegate.swift in Sources */ = {isa = PBXBuildFile; fileRef = A18A6B1026EFA7CD004A8F36 /* AppDelegate.swift */; };
		A18A6B1326EFA7CD004A8F36 /* SceneDelegate.swift in Sources */ = {isa = PBXBuildFile; fileRef = A18A6B1226EFA7CD004A8F36 /* SceneDelegate.swift */; };
		A18A6B1826EFA7CD004A8F36 /* Main.storyboard in Resources */ = {isa = PBXBuildFile; fileRef = A18A6B1626EFA7CD004A8F36 /* Main.storyboard */; };
		A18A6B1D26EFA7CD004A8F36 /* Assets.xcassets in Resources */ = {isa = PBXBuildFile; fileRef = A18A6B1C26EFA7CD004A8F36 /* Assets.xcassets */; };
		A18A6B2026EFA7CD004A8F36 /* LaunchScreen.storyboard in Resources */ = {isa = PBXBuildFile; fileRef = A18A6B1E26EFA7CD004A8F36 /* LaunchScreen.storyboard */; };
		A1AE7ADF2706014F00A7BE6E /* calendarBackground.swift in Sources */ = {isa = PBXBuildFile; fileRef = A1AE7ADE2706014F00A7BE6E /* calendarBackground.swift */; };
		A1B282E726F44FD600689F39 /* Background.swift in Sources */ = {isa = PBXBuildFile; fileRef = A1B282E626F44FD600689F39 /* Background.swift */; };
		A1EC800127566B20000E5F0D /* SettingsVC.swift in Sources */ = {isa = PBXBuildFile; fileRef = A1EC800027566B20000E5F0D /* SettingsVC.swift */; };
/* End PBXBuildFile section */

/* Begin PBXFileReference section */
		A1164FB726F00A79005816EB /* NormalVC.swift */ = {isa = PBXFileReference; lastKnownFileType = sourcecode.swift; path = NormalVC.swift; sourceTree = "<group>"; };
		A11DAB8B2757EBF9000E0E52 /* KnightTime 2021.entitlements */ = {isa = PBXFileReference; lastKnownFileType = text.plist.entitlements; path = "KnightTime 2021.entitlements"; sourceTree = "<group>"; };
		A14FD1B9275AAF9A0069BC88 /* test2021.json */ = {isa = PBXFileReference; fileEncoding = 4; lastKnownFileType = text.json; name = test2021.json; path = ../../../Downloads/test2021.json; sourceTree = "<group>"; usesTabs = 0; };
		A14FD1BB275AB3100069BC88 /* JsonTestDocument1.json */ = {isa = PBXFileReference; fileEncoding = 4; lastKnownFileType = text.json; name = JsonTestDocument1.json; path = ../../../Downloads/JsonTestDocument1.json; sourceTree = "<group>"; };
		A18A6B0D26EFA7CD004A8F36 /* KnightTime 2021.app */ = {isa = PBXFileReference; explicitFileType = wrapper.application; includeInIndex = 0; path = "KnightTime 2021.app"; sourceTree = BUILT_PRODUCTS_DIR; };
		A18A6B1026EFA7CD004A8F36 /* AppDelegate.swift */ = {isa = PBXFileReference; lastKnownFileType = sourcecode.swift; path = AppDelegate.swift; sourceTree = "<group>"; };
		A18A6B1226EFA7CD004A8F36 /* SceneDelegate.swift */ = {isa = PBXFileReference; lastKnownFileType = sourcecode.swift; path = SceneDelegate.swift; sourceTree = "<group>"; };
		A18A6B1726EFA7CD004A8F36 /* Base */ = {isa = PBXFileReference; lastKnownFileType = file.storyboard; name = Base; path = Base.lproj/Main.storyboard; sourceTree = "<group>"; };
		A18A6B1C26EFA7CD004A8F36 /* Assets.xcassets */ = {isa = PBXFileReference; lastKnownFileType = folder.assetcatalog; path = Assets.xcassets; sourceTree = "<group>"; };
		A18A6B1F26EFA7CD004A8F36 /* Base */ = {isa = PBXFileReference; lastKnownFileType = file.storyboard; name = Base; path = Base.lproj/LaunchScreen.storyboard; sourceTree = "<group>"; };
		A18A6B2126EFA7CD004A8F36 /* Info.plist */ = {isa = PBXFileReference; lastKnownFileType = text.plist.xml; path = Info.plist; sourceTree = "<group>"; };
		A1AE7ADE2706014F00A7BE6E /* calendarBackground.swift */ = {isa = PBXFileReference; lastKnownFileType = sourcecode.swift; path = calendarBackground.swift; sourceTree = "<group>"; };
		A1B282E626F44FD600689F39 /* Background.swift */ = {isa = PBXFileReference; lastKnownFileType = sourcecode.swift; path = Background.swift; sourceTree = "<group>"; };
		A1EC800027566B20000E5F0D /* SettingsVC.swift */ = {isa = PBXFileReference; lastKnownFileType = sourcecode.swift; path = SettingsVC.swift; sourceTree = "<group>"; };
/* End PBXFileReference section */

/* Begin PBXFrameworksBuildPhase section */
		A18A6B0A26EFA7CD004A8F36 /* Frameworks */ = {
			isa = PBXFrameworksBuildPhase;
			buildActionMask = 2147483647;
			files = (
			);
			runOnlyForDeploymentPostprocessing = 0;
		};
/* End PBXFrameworksBuildPhase section */

/* Begin PBXGroup section */
		A18A6B0426EFA7CD004A8F36 = {
			isa = PBXGroup;
			children = (
				A18A6B0F26EFA7CD004A8F36 /* KnightTime 2021 */,
				A18A6B0E26EFA7CD004A8F36 /* Products */,
			);
			sourceTree = "<group>";
			usesTabs = 0;
		};
		A18A6B0E26EFA7CD004A8F36 /* Products */ = {
			isa = PBXGroup;
			children = (
				A18A6B0D26EFA7CD004A8F36 /* KnightTime 2021.app */,
			);
			name = Products;
			sourceTree = "<group>";
		};
		A18A6B0F26EFA7CD004A8F36 /* KnightTime 2021 */ = {
			isa = PBXGroup;
			children = (
				A11DAB8B2757EBF9000E0E52 /* KnightTime 2021.entitlements */,
				A18A6B1026EFA7CD004A8F36 /* AppDelegate.swift */,
				A18A6B1226EFA7CD004A8F36 /* SceneDelegate.swift */,
				A18A6B1E26EFA7CD004A8F36 /* LaunchScreen.storyboard */,
				A18A6B1626EFA7CD004A8F36 /* Main.storyboard */,
				A14FD1B9275AAF9A0069BC88 /* test2021.json */,
				A14FD1BB275AB3100069BC88 /* JsonTestDocument1.json */,
				A1B282E526F44FC600689F39 /* Background Logic */,
				A18A6B2726EFA972004A8F36 /* View Controllers */,
				A18A6B1C26EFA7CD004A8F36 /* Assets.xcassets */,
				A18A6B2126EFA7CD004A8F36 /* Info.plist */,
			);
			path = "KnightTime 2021";
			sourceTree = "<group>";
		};
		A18A6B2726EFA972004A8F36 /* View Controllers */ = {
			isa = PBXGroup;
			children = (
				A1164FB726F00A79005816EB /* NormalVC.swift */,
				A1EC800027566B20000E5F0D /* SettingsVC.swift */,
			);
			path = "View Controllers";
			sourceTree = "<group>";
		};
		A1B282E526F44FC600689F39 /* Background Logic */ = {
			isa = PBXGroup;
			children = (
				A1B282E626F44FD600689F39 /* Background.swift */,
				A1AE7ADE2706014F00A7BE6E /* calendarBackground.swift */,
			);
			path = "Background Logic";
			sourceTree = "<group>";
		};
/* End PBXGroup section */

/* Begin PBXNativeTarget section */
		A18A6B0C26EFA7CD004A8F36 /* KnightTime 2021 */ = {
			isa = PBXNativeTarget;
			buildConfigurationList = A18A6B2426EFA7CD004A8F36 /* Build configuration list for PBXNativeTarget "KnightTime 2021" */;
			buildPhases = (
				A18A6B0926EFA7CD004A8F36 /* Sources */,
				A18A6B0A26EFA7CD004A8F36 /* Frameworks */,
				A18A6B0B26EFA7CD004A8F36 /* Resources */,
			);
			buildRules = (
			);
			dependencies = (
			);
			name = "KnightTime 2021";
			productName = "KnightTime 2021";
			productReference = A18A6B0D26EFA7CD004A8F36 /* KnightTime 2021.app */;
			productType = "com.apple.product-type.application";
		};
/* End PBXNativeTarget section */

/* Begin PBXProject section */
		A18A6B0526EFA7CD004A8F36 /* Project object */ = {
			isa = PBXProject;
			attributes = {
				LastSwiftUpdateCheck = 1250;
				LastUpgradeCheck = 1250;
				ORGANIZATIONNAME = "";
				TargetAttributes = {
					A18A6B0C26EFA7CD004A8F36 = {
						CreatedOnToolsVersion = 12.5.1;
					};
				};
			};
			buildConfigurationList = A18A6B0826EFA7CD004A8F36 /* Build configuration list for PBXProject "KnightTime 2021" */;
			compatibilityVersion = "Xcode 13.0";
			developmentRegion = en;
			hasScannedForEncodings = 0;
			knownRegions = (
				en,
				Base,
			);
			mainGroup = A18A6B0426EFA7CD004A8F36;
			productRefGroup = A18A6B0E26EFA7CD004A8F36 /* Products */;
			projectDirPath = "";
			projectRoot = "";
			targets = (
				A18A6B0C26EFA7CD004A8F36 /* KnightTime 2021 */,
			);
		};
/* End PBXProject section */

/* Begin PBXResourcesBuildPhase section */
		A18A6B0B26EFA7CD004A8F36 /* Resources */ = {
			isa = PBXResourcesBuildPhase;
			buildActionMask = 2147483647;
			files = (
				A18A6B2026EFA7CD004A8F36 /* LaunchScreen.storyboard in Resources */,
				A18A6B1D26EFA7CD004A8F36 /* Assets.xcassets in Resources */,
				A14FD1BA275AAF9A0069BC88 /* test2021.json in Resources */,
				A14FD1BC275AB3100069BC88 /* JsonTestDocument1.json in Resources */,
				A18A6B1826EFA7CD004A8F36 /* Main.storyboard in Resources */,
			);
			runOnlyForDeploymentPostprocessing = 0;
		};
/* End PBXResourcesBuildPhase section */

/* Begin PBXSourcesBuildPhase section */
		A18A6B0926EFA7CD004A8F36 /* Sources */ = {
			isa = PBXSourcesBuildPhase;
			buildActionMask = 2147483647;
			files = (
				A1EC800127566B20000E5F0D /* SettingsVC.swift in Sources */,
				A1164FB826F00A79005816EB /* NormalVC.swift in Sources */,
				A18A6B1126EFA7CD004A8F36 /* AppDelegate.swift in Sources */,
				A18A6B1326EFA7CD004A8F36 /* SceneDelegate.swift in Sources */,
				A1AE7ADF2706014F00A7BE6E /* calendarBackground.swift in Sources */,
				A1B282E726F44FD600689F39 /* Background.swift in Sources */,
			);
			runOnlyForDeploymentPostprocessing = 0;
		};
/* End PBXSourcesBuildPhase section */

/* Begin PBXVariantGroup section */
		A18A6B1626EFA7CD004A8F36 /* Main.storyboard */ = {
			isa = PBXVariantGroup;
			children = (
				A18A6B1726EFA7CD004A8F36 /* Base */,
			);
			name = Main.storyboard;
			sourceTree = "<group>";
		};
		A18A6B1E26EFA7CD004A8F36 /* LaunchScreen.storyboard */ = {
			isa = PBXVariantGroup;
			children = (
				A18A6B1F26EFA7CD004A8F36 /* Base */,
			);
			name = LaunchScreen.storyboard;
			sourceTree = "<group>";
		};
/* End PBXVariantGroup section */

/* Begin XCBuildConfiguration section */
		A18A6B2226EFA7CD004A8F36 /* Debug */ = {
			isa = XCBuildConfiguration;
			buildSettings = {
				ALWAYS_SEARCH_USER_PATHS = NO;
				CLANG_ANALYZER_NONNULL = YES;
				CLANG_ANALYZER_NUMBER_OBJECT_CONVERSION = YES_AGGRESSIVE;
				CLANG_CXX_LANGUAGE_STANDARD = "gnu++14";
				CLANG_CXX_LIBRARY = "libc++";
				CLANG_ENABLE_MODULES = YES;
				CLANG_ENABLE_OBJC_ARC = YES;
				CLANG_ENABLE_OBJC_WEAK = YES;
				CLANG_WARN_BLOCK_CAPTURE_AUTORELEASING = YES;
				CLANG_WARN_BOOL_CONVERSION = YES;
				CLANG_WARN_COMMA = YES;
				CLANG_WARN_CONSTANT_CONVERSION = YES;
				CLANG_WARN_DEPRECATED_OBJC_IMPLEMENTATIONS = YES;
				CLANG_WARN_DIRECT_OBJC_ISA_USAGE = YES_ERROR;
				CLANG_WARN_DOCUMENTATION_COMMENTS = YES;
				CLANG_WARN_EMPTY_BODY = YES;
				CLANG_WARN_ENUM_CONVERSION = YES;
				CLANG_WARN_INFINITE_RECURSION = YES;
				CLANG_WARN_INT_CONVERSION = YES;
				CLANG_WARN_NON_LITERAL_NULL_CONVERSION = YES;
				CLANG_WARN_OBJC_IMPLICIT_RETAIN_SELF = YES;
				CLANG_WARN_OBJC_LITERAL_CONVERSION = YES;
				CLANG_WARN_OBJC_ROOT_CLASS = YES_ERROR;
				CLANG_WARN_QUOTED_INCLUDE_IN_FRAMEWORK_HEADER = YES;
				CLANG_WARN_RANGE_LOOP_ANALYSIS = YES;
				CLANG_WARN_STRICT_PROTOTYPES = YES;
				CLANG_WARN_SUSPICIOUS_MOVE = YES;
				CLANG_WARN_UNGUARDED_AVAILABILITY = YES_AGGRESSIVE;
				CLANG_WARN_UNREACHABLE_CODE = YES;
				CLANG_WARN__DUPLICATE_METHOD_MATCH = YES;
				COPY_PHASE_STRIP = NO;
				DEBUG_INFORMATION_FORMAT = dwarf;
				ENABLE_STRICT_OBJC_MSGSEND = YES;
				ENABLE_TESTABILITY = YES;
				GCC_C_LANGUAGE_STANDARD = gnu11;
				GCC_DYNAMIC_NO_PIC = NO;
				GCC_NO_COMMON_BLOCKS = YES;
				GCC_OPTIMIZATION_LEVEL = 0;
				GCC_PREPROCESSOR_DEFINITIONS = (
					"DEBUG=1",
					"$(inherited)",
				);
				GCC_WARN_64_TO_32_BIT_CONVERSION = YES;
				GCC_WARN_ABOUT_RETURN_TYPE = YES_ERROR;
				GCC_WARN_UNDECLARED_SELECTOR = YES;
				GCC_WARN_UNINITIALIZED_AUTOS = YES_AGGRESSIVE;
				GCC_WARN_UNUSED_FUNCTION = YES;
				GCC_WARN_UNUSED_VARIABLE = YES;
				IPHONEOS_DEPLOYMENT_TARGET = 15.0;
				MTL_ENABLE_DEBUG_INFO = INCLUDE_SOURCE;
				MTL_FAST_MATH = YES;
				ONLY_ACTIVE_ARCH = YES;
				SDKROOT = iphoneos;
				SWIFT_ACTIVE_COMPILATION_CONDITIONS = DEBUG;
				SWIFT_OPTIMIZATION_LEVEL = "-Onone";
			};
			name = Debug;
		};
		A18A6B2326EFA7CD004A8F36 /* Release */ = {
			isa = XCBuildConfiguration;
			buildSettings = {
				ALWAYS_SEARCH_USER_PATHS = NO;
				CLANG_ANALYZER_NONNULL = YES;
				CLANG_ANALYZER_NUMBER_OBJECT_CONVERSION = YES_AGGRESSIVE;
				CLANG_CXX_LANGUAGE_STANDARD = "gnu++14";
				CLANG_CXX_LIBRARY = "libc++";
				CLANG_ENABLE_MODULES = YES;
				CLANG_ENABLE_OBJC_ARC = YES;
				CLANG_ENABLE_OBJC_WEAK = YES;
				CLANG_WARN_BLOCK_CAPTURE_AUTORELEASING = YES;
				CLANG_WARN_BOOL_CONVERSION = YES;
				CLANG_WARN_COMMA = YES;
				CLANG_WARN_CONSTANT_CONVERSION = YES;
				CLANG_WARN_DEPRECATED_OBJC_IMPLEMENTATIONS = YES;
				CLANG_WARN_DIRECT_OBJC_ISA_USAGE = YES_ERROR;
				CLANG_WARN_DOCUMENTATION_COMMENTS = YES;
				CLANG_WARN_EMPTY_BODY = YES;
				CLANG_WARN_ENUM_CONVERSION = YES;
				CLANG_WARN_INFINITE_RECURSION = YES;
				CLANG_WARN_INT_CONVERSION = YES;
				CLANG_WARN_NON_LITERAL_NULL_CONVERSION = YES;
				CLANG_WARN_OBJC_IMPLICIT_RETAIN_SELF = YES;
				CLANG_WARN_OBJC_LITERAL_CONVERSION = YES;
				CLANG_WARN_OBJC_ROOT_CLASS = YES_ERROR;
				CLANG_WARN_QUOTED_INCLUDE_IN_FRAMEWORK_HEADER = YES;
				CLANG_WARN_RANGE_LOOP_ANALYSIS = YES;
				CLANG_WARN_STRICT_PROTOTYPES = YES;
				CLANG_WARN_SUSPICIOUS_MOVE = YES;
				CLANG_WARN_UNGUARDED_AVAILABILITY = YES_AGGRESSIVE;
				CLANG_WARN_UNREACHABLE_CODE = YES;
				CLANG_WARN__DUPLICATE_METHOD_MATCH = YES;
				COPY_PHASE_STRIP = NO;
				DEBUG_INFORMATION_FORMAT = "dwarf-with-dsym";
				ENABLE_NS_ASSERTIONS = NO;
				ENABLE_STRICT_OBJC_MSGSEND = YES;
				GCC_C_LANGUAGE_STANDARD = gnu11;
				GCC_NO_COMMON_BLOCKS = YES;
				GCC_WARN_64_TO_32_BIT_CONVERSION = YES;
				GCC_WARN_ABOUT_RETURN_TYPE = YES_ERROR;
				GCC_WARN_UNDECLARED_SELECTOR = YES;
				GCC_WARN_UNINITIALIZED_AUTOS = YES_AGGRESSIVE;
				GCC_WARN_UNUSED_FUNCTION = YES;
				GCC_WARN_UNUSED_VARIABLE = YES;
				IPHONEOS_DEPLOYMENT_TARGET = 15.0;
				MTL_ENABLE_DEBUG_INFO = NO;
				MTL_FAST_MATH = YES;
				SDKROOT = iphoneos;
				SWIFT_COMPILATION_MODE = wholemodule;
				SWIFT_OPTIMIZATION_LEVEL = "-O";
				VALIDATE_PRODUCT = YES;
			};
			name = Release;
		};
		A18A6B2526EFA7CD004A8F36 /* Debug */ = {
			isa = XCBuildConfiguration;
			buildSettings = {
				ASSETCATALOG_COMPILER_APPICON_NAME = AppIcon;
				ASSETCATALOG_COMPILER_GLOBAL_ACCENT_COLOR_NAME = AccentColor;
				ASSETCATALOG_COMPILER_INCLUDE_ALL_APPICON_ASSETS = YES;
				CODE_SIGN_ENTITLEMENTS = "KnightTime 2021/KnightTime 2021.entitlements";
				CODE_SIGN_STYLE = Automatic;
				CURRENT_PROJECT_VERSION = 472;
				DEVELOPMENT_TEAM = 6ZDK442TU6;
				INFOPLIST_FILE = "KnightTime 2021/Info.plist";
				IPHONEOS_DEPLOYMENT_TARGET = 15.0;
				LD_RUNPATH_SEARCH_PATHS = (
					"$(inherited)",
					"@executable_path/Frameworks",
				);
				MARKETING_VERSION = 1.0.3;
				PRODUCT_BUNDLE_IDENTIFIER = com.ehshouston.KnightTime2021;
				PRODUCT_NAME = "$(TARGET_NAME)";
				SUPPORTS_MACCATALYST = NO;
				SWIFT_VERSION = 5.0;
				TARGETED_DEVICE_FAMILY = 1;
			};
			name = Debug;
		};
		A18A6B2626EFA7CD004A8F36 /* Release */ = {
			isa = XCBuildConfiguration;
			buildSettings = {
				ASSETCATALOG_COMPILER_APPICON_NAME = AppIcon;
				ASSETCATALOG_COMPILER_GLOBAL_ACCENT_COLOR_NAME = AccentColor;
				ASSETCATALOG_COMPILER_INCLUDE_ALL_APPICON_ASSETS = YES;
				CODE_SIGN_ENTITLEMENTS = "KnightTime 2021/KnightTime 2021.entitlements";
				CODE_SIGN_STYLE = Automatic;
				CURRENT_PROJECT_VERSION = 472;
				DEVELOPMENT_TEAM = 6ZDK442TU6;
				INFOPLIST_FILE = "KnightTime 2021/Info.plist";
				IPHONEOS_DEPLOYMENT_TARGET = 15.0;
				LD_RUNPATH_SEARCH_PATHS = (
					"$(inherited)",
					"@executable_path/Frameworks",
				);
				MARKETING_VERSION = 1.0.3;
				PRODUCT_BUNDLE_IDENTIFIER = com.ehshouston.KnightTime2021;
				PRODUCT_NAME = "$(TARGET_NAME)";
				SUPPORTS_MACCATALYST = NO;
				SWIFT_VERSION = 5.0;
				TARGETED_DEVICE_FAMILY = 1;
			};
			name = Release;
		};
/* End XCBuildConfiguration section */

/* Begin XCConfigurationList section */
		A18A6B0826EFA7CD004A8F36 /* Build configuration list for PBXProject "KnightTime 2021" */ = {
			isa = XCConfigurationList;
			buildConfigurations = (
				A18A6B2226EFA7CD004A8F36 /* Debug */,
				A18A6B2326EFA7CD004A8F36 /* Release */,
			);
			defaultConfigurationIsVisible = 0;
			defaultConfigurationName = Release;
		};
		A18A6B2426EFA7CD004A8F36 /* Build configuration list for PBXNativeTarget "KnightTime 2021" */ = {
			isa = XCConfigurationList;
			buildConfigurations = (
				A18A6B2526EFA7CD004A8F36 /* Debug */,
				A18A6B2626EFA7CD004A8F36 /* Release */,
			);
			defaultConfigurationIsVisible = 0;
			defaultConfigurationName = Release;
		};
/* End XCConfigurationList section */
	};
	rootObject = A18A6B0526EFA7CD004A8F36 /* Project object */;
}
